
Microsoft Visual Studio Solution File, Format Version 12.00
# Visual Studio Version 16
VisualStudioVersion = 16.0.28917.181
MinimumVisualStudioVersion = 10.0.40219.1
Project("{FAE04EC0-301F-11D3-BF4B-00C04F79EFBC}") = "CalculatorService", "CalculatorService\CalculatorService.csproj", "{A0C0FE9A-F0F0-4575-92DD-DC1517FA4C26}"
EndProject
Global
	GlobalSection(SolutionConfigurationPlatforms) = preSolution
		Debug|Any CPU = Debug|Any CPU
		Release|Any CPU = Release|Any CPU
	EndGlobalSection
	GlobalSection(ProjectConfigurationPlatforms) = postSolution
		{A0C0FE9A-F0F0-4575-92DD-DC1517FA4C26}.Debug|Any CPU.ActiveCfg = Debug|Any CPU
		{A0C0FE9A-F0F0-4575-92DD-DC1517FA4C26}.Debug|Any CPU.Build.0 = Debug|Any CPU
		{A0C0FE9A-F0F0-4575-92DD-DC1517FA4C26}.Release|Any CPU.ActiveCfg = Release|Any CPU
		{A0C0FE9A-F0F0-4575-92DD-DC1517FA4C26}.Release|Any CPU.Build.0 = Release|Any CPU
	EndGlobalSection
	GlobalSection(SolutionProperties) = preSolution
		HideSolutionNode = FALSE
	EndGlobalSection
	GlobalSection(ExtensibilityGlobals) = postSolution
		SolutionGuid = {F610F6FE-34BB-4F05-86E2-7E9BB9139FF3}
	EndGlobalSection
EndGlobal
