
Microsoft Visual Studio Solution File, Format Version 12.00
# Visual Studio Version 16
VisualStudioVersion = 16.0.28803.352
MinimumVisualStudioVersion = 10.0.40219.1
Project("{FAE04EC0-301F-11D3-BF4B-00C04F79EFBC}") = "ExceptionsDemo", "ExceptionsDemo\ExceptionsDemo.csproj", "{718CB492-766E-4648-B1AA-A39D8B62185A}"
EndProject
Global
	GlobalSection(SolutionConfigurationPlatforms) = preSolution
		Debug|Any CPU = Debug|Any CPU
		Release|Any CPU = Release|Any CPU
	EndGlobalSection
	GlobalSection(ProjectConfigurationPlatforms) = postSolution
		{718CB492-766E-4648-B1AA-A39D8B62185A}.Debug|Any CPU.ActiveCfg = Debug|Any CPU
		{718CB492-766E-4648-B1AA-A39D8B62185A}.Debug|Any CPU.Build.0 = Debug|Any CPU
		{718CB492-766E-4648-B1AA-A39D8B62185A}.Release|Any CPU.ActiveCfg = Release|Any CPU
		{718CB492-766E-4648-B1AA-A39D8B62185A}.Release|Any CPU.Build.0 = Release|Any CPU
	EndGlobalSection
	GlobalSection(SolutionProperties) = preSolution
		HideSolutionNode = FALSE
	EndGlobalSection
	GlobalSection(ExtensibilityGlobals) = postSolution
		SolutionGuid = {A013F20A-4D82-4D5C-AF2D-83BEA0015552}
	EndGlobalSection
EndGlobal
