
Microsoft Visual Studio Solution File, Format Version 12.00
# Visual Studio Version 16
VisualStudioVersion = 16.0.28917.181
MinimumVisualStudioVersion = 10.0.40219.1
Project("{FAE04EC0-301F-11D3-BF4B-00C04F79EFBC}") = "Api", "Api\Api.csproj", "{511FD415-256F-4280-B43C-47DC0BC46C2D}"
EndProject
Global
	GlobalSection(SolutionConfigurationPlatforms) = preSolution
		Debug|Any CPU = Debug|Any CPU
		Release|Any CPU = Release|Any CPU
	EndGlobalSection
	GlobalSection(ProjectConfigurationPlatforms) = postSolution
		{511FD415-256F-4280-B43C-47DC0BC46C2D}.Debug|Any CPU.ActiveCfg = Debug|Any CPU
		{511FD415-256F-4280-B43C-47DC0BC46C2D}.Debug|Any CPU.Build.0 = Debug|Any CPU
		{511FD415-256F-4280-B43C-47DC0BC46C2D}.Release|Any CPU.ActiveCfg = Release|Any CPU
		{511FD415-256F-4280-B43C-47DC0BC46C2D}.Release|Any CPU.Build.0 = Release|Any CPU
	EndGlobalSection
	GlobalSection(SolutionProperties) = preSolution
		HideSolutionNode = FALSE
	EndGlobalSection
	GlobalSection(ExtensibilityGlobals) = postSolution
		SolutionGuid = {C8698A15-5875-4DE5-A5AC-2B7C2ECC4A31}
	EndGlobalSection
EndGlobal
